{
  "name": "RuberApp",
  "version": "1.0.0",
  "lockfileVersion": 1,
  "requires": true,
  "dependencies": {
    "@uirouter/angular": {
      "version": "2.0.0",
      "resolved": "https://registry.npmjs.org/@uirouter/angular/-/angular-2.0.0.tgz",
      "integrity": "sha512-zoaMEIeztRVOZ7EUX03FvV2C2RWGox4jcVHO5bXmKESmh0aBGVMyQoJ2GMPtfHjBGsCu1AXX5X69PdNEeLLfLw==",
      "requires": {
        "@uirouter/core": "5.0.19",
        "@uirouter/rx": "0.5.0"
      }
    },
    "@uirouter/angularjs": {
      "version": "1.0.7",
      "resolved": "https://registry.npmjs.org/@uirouter/angularjs/-/angularjs-1.0.7.tgz",
      "integrity": "sha512-R3s+Dn3fO/v282CKUzRzpL7KUAR3AVpoL0hTCTugxOFDTvM6nOo6V2cBg5HWE3YnHKboSEGWhQYHv2/kNR67oA==",
      "requires": {
        "@uirouter/core": "5.0.8"
      },
      "dependencies": {
        "@uirouter/core": {
          "version": "5.0.8",
          "resolved": "https://registry.npmjs.org/@uirouter/core/-/core-5.0.8.tgz",
          "integrity": "sha512-5Xb+hIAH0rqlRjZU4o2IorMRheIZdxOFsflTzWMzsM+d3ri/ManPe84ACl0qEovfKqY4aXXy8Gz8m7D4D5S+rw=="
        }
      }
    },
    "@uirouter/core": {
      "version": "5.0.19",
      "resolved": "https://registry.npmjs.org/@uirouter/core/-/core-5.0.19.tgz",
      "integrity": "sha512-wow+CKRThUAQkiTLNQCBsKQIU3NbH8GGH/w/TrcjKdvkZQA2jQB9QSqmmZxj7XNoZXY7QVcSSc4DWmxuSeAWmQ=="
    },
    "@uirouter/rx": {
      "version": "0.5.0",
      "resolved": "https://registry.npmjs.org/@uirouter/rx/-/rx-0.5.0.tgz",
      "integrity": "sha512-SHX1b8u8MW/7L6vFrKSRc5g5u/RgLakGMfdTeVQMSC84fc2yW7VDWNuGJhA8jiOTNKvzscuwvC02dxOgKcwrjg=="
    }
  }
}
